Microsoft Visual Studio Solution File, Format Version 12.00
# Visual Studio Version 17
VisualStudioVersion = 17.12.35506.116
MinimumVisualStudioVersion = 10.0.40219.1
Project("{FAE04EC0-301F-11D3-BF4B-00C04F79EFBC}") = "Blazor.AI.AppHost", "Blazor.AI.AppHost\Blazor.AI.AppHost.csproj", "{88CA9D82-2759-4950-B34C-501AC59775FA}"
EndProject
Project("{FAE04EC0-301F-11D3-BF4B-00C04F79EFBC}") = "Blazor.AI.ServiceDefaults", "Blazor.AI.ServiceDefaults\Blazor.AI.ServiceDefaults.csproj", "{011AAC91-22B0-4F0B-89D6-5977F7F7D944}"
EndProject
Project("{FAE04EC0-301F-11D3-BF4B-00C04F79EFBC}") = "Blazor.AI.Web", "Blazor.AI.Web\Blazor.AI.Web.csproj", "{F33CF401-685A-4951-9E4E-7B9A51D0E4C5}"
EndProject
Project("{FAE04EC0-301F-11D3-BF4B-00C04F79EFBC}") = "Blazor.AI.SeedData", "Blazor.AI.SeedData\Blazor.AI.SeedData.csproj", "{BECE5FC6-4C15-4630-9381-66993722F71C}"
EndProject
Global
	GlobalSection(SolutionConfigurationPlatforms) = preSolution
		Debug|Any CPU = Debug|Any CPU
		Release|Any CPU = Release|Any CPU
	EndGlobalSection
	GlobalSection(ProjectConfigurationPlatforms) = postSolution
		{88CA9D82-2759-4950-B34C-501AC59775FA}.Debug|Any CPU.ActiveCfg = Debug|Any CPU
		{88CA9D82-2759-4950-B34C-501AC59775FA}.Debug|Any CPU.Build.0 = Debug|Any CPU
		{88CA9D82-2759-4950-B34C-501AC59775FA}.Release|Any CPU.ActiveCfg = Release|Any CPU
		{88CA9D82-2759-4950-B34C-501AC59775FA}.Release|Any CPU.Build.0 = Release|Any CPU
		{011AAC91-22B0-4F0B-89D6-5977F7F7D944}.Debug|Any CPU.ActiveCfg = Debug|Any CPU
		{011AAC91-22B0-4F0B-89D6-5977F7F7D944}.Debug|Any CPU.Build.0 = Debug|Any CPU
		{011AAC91-22B0-4F0B-89D6-5977F7F7D944}.Release|Any CPU.ActiveCfg = Release|Any CPU
		{011AAC91-22B0-4F0B-89D6-5977F7F7D944}.Release|Any CPU.Build.0 = Release|Any CPU
		{F33CF401-685A-4951-9E4E-7B9A51D0E4C5}.Debug|Any CPU.ActiveCfg = Debug|Any CPU
		{F33CF401-685A-4951-9E4E-7B9A51D0E4C5}.Debug|Any CPU.Build.0 = Debug|Any CPU
		{F33CF401-685A-4951-9E4E-7B9A51D0E4C5}.Release|Any CPU.ActiveCfg = Release|Any CPU
		{F33CF401-685A-4951-9E4E-7B9A51D0E4C5}.Release|Any CPU.Build.0 = Release|Any CPU
		{BECE5FC6-4C15-4630-9381-66993722F71C}.Debug|Any CPU.ActiveCfg = Debug|Any CPU
		{BECE5FC6-4C15-4630-9381-66993722F71C}.Debug|Any CPU.Build.0 = Debug|Any CPU
		{BECE5FC6-4C15-4630-9381-66993722F71C}.Release|Any CPU.ActiveCfg = Release|Any CPU
		{BECE5FC6-4C15-4630-9381-66993722F71C}.Release|Any CPU.Build.0 = Release|Any CPU
	EndGlobalSection
	GlobalSection(SolutionProperties) = preSolution
		HideSolutionNode = FALSE
	EndGlobalSection
EndGlobal
